// !$*UTF8*$!
{
	archiveVersion = 1;
	classes = {
	};
	objectVersion = 50;
	objects = {

/* Begin PBXBuildFile section */
		5BFD0BB621612C5600FBAC9B /* AppDelegate.swift in Sources */ = {isa = PBXBuildFile; fileRef = 5BFD0BB521612C5600FBAC9B /* AppDelegate.swift */; };
		5BFD0BB821612C5600FBAC9B /* MapVC.swift in Sources */ = {isa = PBXBuildFile; fileRef = 5BFD0BB721612C5600FBAC9B /* MapVC.swift */; };
		5BFD0BBB21612C5600FBAC9B /* Main.storyboard in Resources */ = {isa = PBXBuildFile; fileRef = 5BFD0BB921612C5600FBAC9B /* Main.storyboard */; };
		5BFD0BBD21612C5900FBAC9B /* Assets.xcassets in Resources */ = {isa = PBXBuildFile; fileRef = 5BFD0BBC21612C5900FBAC9B /* Assets.xcassets */; };
		5BFD0BC021612C5900FBAC9B /* LaunchScreen.storyboard in Resources */ = {isa = PBXBuildFile; fileRef = 5BFD0BBE21612C5900FBAC9B /* LaunchScreen.storyboard */; };
/* End PBXBuildFile section */

/* Begin PBXFileReference section */
		5BFD0BB221612C5600FBAC9B /* Pixel-city.app */ = {isa = PBXFileReference; explicitFileType = wrapper.application; includeInIndex = 0; path = "Pixel-city.app"; sourceTree = BUILT_PRODUCTS_DIR; };
		5BFD0BB521612C5600FBAC9B /* AppDelegate.swift */ = {isa = PBXFileReference; lastKnownFileType = sourcecode.swift; path = AppDelegate.swift; sourceTree = "<group>"; };
		5BFD0BB721612C5600FBAC9B /* MapVC.swift */ = {isa = PBXFileReference; lastKnownFileType = sourcecode.swift; path = MapVC.swift; sourceTree = "<group>"; };
		5BFD0BBA21612C5600FBAC9B /* Base */ = {isa = PBXFileReference; lastKnownFileType = file.storyboard; name = Base; path = Base.lproj/Main.storyboard; sourceTree = "<group>"; };
		5BFD0BBC21612C5900FBAC9B /* Assets.xcassets */ = {isa = PBXFileReference; lastKnownFileType = folder.assetcatalog; path = Assets.xcassets; sourceTree = "<group>"; };
		5BFD0BBF21612C5900FBAC9B /* Base */ = {isa = PBXFileReference; lastKnownFileType = file.storyboard; name = Base; path = Base.lproj/LaunchScreen.storyboard; sourceTree = "<group>"; };
		5BFD0BC121612C5900FBAC9B /* Info.plist */ = {isa = PBXFileReference; lastKnownFileType = text.plist.xml; path = Info.plist; sourceTree = "<group>"; };
/* End PBXFileReference section */

/* Begin PBXFrameworksBuildPhase section */
		5BFD0BAF21612C5600FBAC9B /* Frameworks */ = {
			isa = PBXFrameworksBuildPhase;
			buildActionMask = 2147483647;
			files = (
			);
			runOnlyForDeploymentPostprocessing = 0;
		};
/* End PBXFrameworksBuildPhase section */

/* Begin PBXGroup section */
		5BFD0BA921612C5600FBAC9B = {
			isa = PBXGroup;
			children = (
				5BFD0BB421612C5600FBAC9B /* Pixel-city */,
				5BFD0BB321612C5600FBAC9B /* Products */,
			);
			sourceTree = "<group>";
		};
		5BFD0BB321612C5600FBAC9B /* Products */ = {
			isa = PBXGroup;
			children = (
				5BFD0BB221612C5600FBAC9B /* Pixel-city.app */,
			);
			name = Products;
			sourceTree = "<group>";
		};
		5BFD0BB421612C5600FBAC9B /* Pixel-city */ = {
			isa = PBXGroup;
			children = (
				5BFD0BCA21612C7B00FBAC9B /* Extensions */,
				5BFD0BC921612C7600FBAC9B /* View */,
				5BFD0BC821612C6E00FBAC9B /* Controller */,
				5BFD0BC721612C6700FBAC9B /* Utilities */,
				5BFD0BB521612C5600FBAC9B /* AppDelegate.swift */,
				5BFD0BB921612C5600FBAC9B /* Main.storyboard */,
				5BFD0BBC21612C5900FBAC9B /* Assets.xcassets */,
				5BFD0BBE21612C5900FBAC9B /* LaunchScreen.storyboard */,
				5BFD0BC121612C5900FBAC9B /* Info.plist */,
			);
			path = "Pixel-city";
			sourceTree = "<group>";
		};
		5BFD0BC721612C6700FBAC9B /* Utilities */ = {
			isa = PBXGroup;
			children = (
			);
			path = Utilities;
			sourceTree = "<group>";
		};
		5BFD0BC821612C6E00FBAC9B /* Controller */ = {
			isa = PBXGroup;
			children = (
				5BFD0BB721612C5600FBAC9B /* MapVC.swift */,
			);
			path = Controller;
			sourceTree = "<group>";
		};
		5BFD0BC921612C7600FBAC9B /* View */ = {
			isa = PBXGroup;
			children = (
			);
			path = View;
			sourceTree = "<group>";
		};
		5BFD0BCA21612C7B00FBAC9B /* Extensions */ = {
			isa = PBXGroup;
			children = (
			);
			path = Extensions;
			sourceTree = "<group>";
		};
/* End PBXGroup section */

/* Begin PBXNativeTarget section */
		5BFD0BB121612C5600FBAC9B /* Pixel-city */ = {
			isa = PBXNativeTarget;
			buildConfigurationList = 5BFD0BC421612C5900FBAC9B /* Build configuration list for PBXNativeTarget "Pixel-city" */;
			buildPhases = (
				5BFD0BAE21612C5600FBAC9B /* Sources */,
				5BFD0BAF21612C5600FBAC9B /* Frameworks */,
				5BFD0BB021612C5600FBAC9B /* Resources */,
			);
			buildRules = (
			);
			dependencies = (
			);
			name = "Pixel-city";
			productName = "Pixel-city";
			productReference = 5BFD0BB221612C5600FBAC9B /* Pixel-city.app */;
			productType = "com.apple.product-type.application";
		};
/* End PBXNativeTarget section */

/* Begin PBXProject section */
		5BFD0BAA21612C5600FBAC9B /* Project object */ = {
			isa = PBXProject;
			attributes = {
				LastSwiftUpdateCheck = 0940;
				LastUpgradeCheck = 0940;
				ORGANIZATIONNAME = "Marwa Zabara";
				TargetAttributes = {
					5BFD0BB121612C5600FBAC9B = {
						CreatedOnToolsVersion = 9.4.1;
					};
				};
			};
			buildConfigurationList = 5BFD0BAD21612C5600FBAC9B /* Build configuration list for PBXProject "Pixel-city" */;
			compatibilityVersion = "Xcode 9.3";
			developmentRegion = en;
			hasScannedForEncodings = 0;
			knownRegions = (
				en,
				Base,
			);
			mainGroup = 5BFD0BA921612C5600FBAC9B;
			productRefGroup = 5BFD0BB321612C5600FBAC9B /* Products */;
			projectDirPath = "";
			projectRoot = "";
			targets = (
				5BFD0BB121612C5600FBAC9B /* Pixel-city */,
			);
		};
/* End PBXProject section */

/* Begin PBXResourcesBuildPhase section */
		5BFD0BB021612C5600FBAC9B /* Resources */ = {
			isa = PBXResourcesBuildPhase;
			buildActionMask = 2147483647;
			files = (
				5BFD0BC021612C5900FBAC9B /* LaunchScreen.storyboard in Resources */,
				5BFD0BBD21612C5900FBAC9B /* Assets.xcassets in Resources */,
				5BFD0BBB21612C5600FBAC9B /* Main.storyboard in Resources */,
			);
			runOnlyForDeploymentPostprocessing = 0;
		};
/* End PBXResourcesBuildPhase section */

/* Begin PBXSourcesBuildPhase section */
		5BFD0BAE21612C5600FBAC9B /* Sources */ = {
			isa = PBXSourcesBuildPhase;
			buildActionMask = 2147483647;
			files = (
				5BFD0BB821612C5600FBAC9B /* MapVC.swift in Sources */,
				5BFD0BB621612C5600FBAC9B /* AppDelegate.swift in Sources */,
			);
			runOnlyForDeploymentPostprocessing = 0;
		};
/* End PBXSourcesBuildPhase section */

/* Begin PBXVariantGroup section */
		5BFD0BB921612C5600FBAC9B /* Main.storyboard */ = {
			isa = PBXVariantGroup;
			children = (
				5BFD0BBA21612C5600FBAC9B /* Base */,
			);
			name = Main.storyboard;
			sourceTree = "<group>";
		};
		5BFD0BBE21612C5900FBAC9B /* LaunchScreen.storyboard */ = {
			isa = PBXVariantGroup;
			children = (
				5BFD0BBF21612C5900FBAC9B /* Base */,
			);
			name = LaunchScreen.storyboard;
			sourceTree = "<group>";
		};
/* End PBXVariantGroup section */

/* Begin XCBuildConfiguration section */
		5BFD0BC221612C5900FBAC9B /* Debug */ = {
			isa = XCBuildConfiguration;
			buildSettings = {
				ALWAYS_SEARCH_USER_PATHS = NO;
				CLANG_ANALYZER_NONNULL = YES;
				CLANG_ANALYZER_NUMBER_OBJECT_CONVERSION = YES_AGGRESSIVE;
				CLANG_CXX_LANGUAGE_STANDARD = "gnu++14";
				CLANG_CXX_LIBRARY = "libc++";
				CLANG_ENABLE_MODULES = YES;
				CLANG_ENABLE_OBJC_ARC = YES;
				CLANG_ENABLE_OBJC_WEAK = YES;
				CLANG_WARN_BLOCK_CAPTURE_AUTORELEASING = YES;
				CLANG_WARN_BOOL_CONVERSION = YES;
				CLANG_WARN_COMMA = YES;
				CLANG_WARN_CONSTANT_CONVERSION = YES;
				CLANG_WARN_DEPRECATED_OBJC_IMPLEMENTATIONS = YES;
				CLANG_WARN_DIRECT_OBJC_ISA_USAGE = YES_ERROR;
				CLANG_WARN_DOCUMENTATION_COMMENTS = YES;
				CLANG_WARN_EMPTY_BODY = YES;
				CLANG_WARN_ENUM_CONVERSION = YES;
				CLANG_WARN_INFINITE_RECURSION = YES;
				CLANG_WARN_INT_CONVERSION = YES;
				CLANG_WARN_NON_LITERAL_NULL_CONVERSION = YES;
				CLANG_WARN_OBJC_IMPLICIT_RETAIN_SELF = YES;
				CLANG_WARN_OBJC_LITERAL_CONVERSION = YES;
				CLANG_WARN_OBJC_ROOT_CLASS = YES_ERROR;
				CLANG_WARN_RANGE_LOOP_ANALYSIS = YES;
				CLANG_WARN_STRICT_PROTOTYPES = YES;
				CLANG_WARN_SUSPICIOUS_MOVE = YES;
				CLANG_WARN_UNGUARDED_AVAILABILITY = YES_AGGRESSIVE;
				CLANG_WARN_UNREACHABLE_CODE = YES;
				CLANG_WARN__DUPLICATE_METHOD_MATCH = YES;
				CODE_SIGN_IDENTITY = "iPhone Developer";
				COPY_PHASE_STRIP = NO;
				DEBUG_INFORMATION_FORMAT = dwarf;
				ENABLE_STRICT_OBJC_MSGSEND = YES;
				ENABLE_TESTABILITY = YES;
				GCC_C_LANGUAGE_STANDARD = gnu11;
				GCC_DYNAMIC_NO_PIC = NO;
				GCC_NO_COMMON_BLOCKS = YES;
				GCC_OPTIMIZATION_LEVEL = 0;
				GCC_PREPROCESSOR_DEFINITIONS = (
					"DEBUG=1",
					"$(inherited)",
				);
				GCC_WARN_64_TO_32_BIT_CONVERSION = YES;
				GCC_WARN_ABOUT_RETURN_TYPE = YES_ERROR;
				GCC_WARN_UNDECLARED_SELECTOR = YES;
				GCC_WARN_UNINITIALIZED_AUTOS = YES_AGGRESSIVE;
				GCC_WARN_UNUSED_FUNCTION = YES;
				GCC_WARN_UNUSED_VARIABLE = YES;
				IPHONEOS_DEPLOYMENT_TARGET = 11.4;
				MTL_ENABLE_DEBUG_INFO = YES;
				ONLY_ACTIVE_ARCH = YES;
				SDKROOT = iphoneos;
				SWIFT_ACTIVE_COMPILATION_CONDITIONS = DEBUG;
				SWIFT_OPTIMIZATION_LEVEL = "-Onone";
			};
			name = Debug;
		};
		5BFD0BC321612C5900FBAC9B /* Release */ = {
			isa = XCBuildConfiguration;
			buildSettings = {
				ALWAYS_SEARCH_USER_PATHS = NO;
				CLANG_ANALYZER_NONNULL = YES;
				CLANG_ANALYZER_NUMBER_OBJECT_CONVERSION = YES_AGGRESSIVE;
				CLANG_CXX_LANGUAGE_STANDARD = "gnu++14";
				CLANG_CXX_LIBRARY = "libc++";
				CLANG_ENABLE_MODULES = YES;
				CLANG_ENABLE_OBJC_ARC = YES;
				CLANG_ENABLE_OBJC_WEAK = YES;
				CLANG_WARN_BLOCK_CAPTURE_AUTORELEASING = YES;
				CLANG_WARN_BOOL_CONVERSION = YES;
				CLANG_WARN_COMMA = YES;
				CLANG_WARN_CONSTANT_CONVERSION = YES;
				CLANG_WARN_DEPRECATED_OBJC_IMPLEMENTATIONS = YES;
				CLANG_WARN_DIRECT_OBJC_ISA_USAGE = YES_ERROR;
				CLANG_WARN_DOCUMENTATION_COMMENTS = YES;
				CLANG_WARN_EMPTY_BODY = YES;
				CLANG_WARN_ENUM_CONVERSION = YES;
				CLANG_WARN_INFINITE_RECURSION = YES;
				CLANG_WARN_INT_CONVERSION = YES;
				CLANG_WARN_NON_LITERAL_NULL_CONVERSION = YES;
				CLANG_WARN_OBJC_IMPLICIT_RETAIN_SELF = YES;
				CLANG_WARN_OBJC_LITERAL_CONVERSION = YES;
				CLANG_WARN_OBJC_ROOT_CLASS = YES_ERROR;
				CLANG_WARN_RANGE_LOOP_ANALYSIS = YES;
				CLANG_WARN_STRICT_PROTOTYPES = YES;
				CLANG_WARN_SUSPICIOUS_MOVE = YES;
				CLANG_WARN_UNGUARDED_AVAILABILITY = YES_AGGRESSIVE;
				CLANG_WARN_UNREACHABLE_CODE = YES;
				CLANG_WARN__DUPLICATE_METHOD_MATCH = YES;
				CODE_SIGN_IDENTITY = "iPhone Developer";
				COPY_PHASE_STRIP = NO;
				DEBUG_INFORMATION_FORMAT = "dwarf-with-dsym";
				ENABLE_NS_ASSERTIONS = NO;
				ENABLE_STRICT_OBJC_MSGSEND = YES;
				GCC_C_LANGUAGE_STANDARD = gnu11;
				GCC_NO_COMMON_BLOCKS = YES;
				GCC_WARN_64_TO_32_BIT_CONVERSION = YES;
				GCC_WARN_ABOUT_RETURN_TYPE = YES_ERROR;
				GCC_WARN_UNDECLARED_SELECTOR = YES;
				GCC_WARN_UNINITIALIZED_AUTOS = YES_AGGRESSIVE;
				GCC_WARN_UNUSED_FUNCTION = YES;
				GCC_WARN_UNUSED_VARIABLE = YES;
				IPHONEOS_DEPLOYMENT_TARGET = 11.4;
				MTL_ENABLE_DEBUG_INFO = NO;
				SDKROOT = iphoneos;
				SWIFT_COMPILATION_MODE = wholemodule;
				SWIFT_OPTIMIZATION_LEVEL = "-O";
				VALIDATE_PRODUCT = YES;
			};
			name = Release;
		};
		5BFD0BC521612C5900FBAC9B /* Debug */ = {
			isa = XCBuildConfiguration;
			buildSettings = {
				ASSETCATALOG_COMPILER_APPICON_NAME = AppIcon;
				CODE_SIGN_STYLE = Automatic;
				INFOPLIST_FILE = "Pixel-city/Info.plist";
				LD_RUNPATH_SEARCH_PATHS = (
					"$(inherited)",
					"@executable_path/Frameworks",
				);
				PRODUCT_BUNDLE_IDENTIFIER = "learn.Pixel-city";
				PRODUCT_NAME = "$(TARGET_NAME)";
				SWIFT_VERSION = 4.0;
				TARGETED_DEVICE_FAMILY = "1,2";
			};
			name = Debug;
		};
		5BFD0BC621612C5900FBAC9B /* Release */ = {
			isa = XCBuildConfiguration;
			buildSettings = {
				ASSETCATALOG_COMPILER_APPICON_NAME = AppIcon;
				CODE_SIGN_STYLE = Automatic;
				INFOPLIST_FILE = "Pixel-city/Info.plist";
				LD_RUNPATH_SEARCH_PATHS = (
					"$(inherited)",
					"@executable_path/Frameworks",
				);
				PRODUCT_BUNDLE_IDENTIFIER = "learn.Pixel-city";
				PRODUCT_NAME = "$(TARGET_NAME)";
				SWIFT_VERSION = 4.0;
				TARGETED_DEVICE_FAMILY = "1,2";
			};
			name = Release;
		};
/* End XCBuildConfiguration section */

/* Begin XCConfigurationList section */
		5BFD0BAD21612C5600FBAC9B /* Build configuration list for PBXProject "Pixel-city" */ = {
			isa = XCConfigurationList;
			buildConfigurations = (
				5BFD0BC221612C5900FBAC9B /* Debug */,
				5BFD0BC321612C5900FBAC9B /* Release */,
			);
			defaultConfigurationIsVisible = 0;
			defaultConfigurationName = Release;
		};
		5BFD0BC421612C5900FBAC9B /* Build configuration list for PBXNativeTarget "Pixel-city" */ = {
			isa = XCConfigurationList;
			buildConfigurations = (
				5BFD0BC521612C5900FBAC9B /* Debug */,
				5BFD0BC621612C5900FBAC9B /* Release */,
			);
			defaultConfigurationIsVisible = 0;
			defaultConfigurationName = Release;
		};
/* End XCConfigurationList section */
	};
	rootObject = 5BFD0BAA21612C5600FBAC9B /* Project object */;
}
